// !$*UTF8*$!
{
	archiveVersion = 1;
	classes = {
	};
	objectVersion = 56;
	objects = {

/* Begin PBXBuildFile section */
		940556792900836E00EBD990 /* AppDelegate.swift in Sources */ = {isa = PBXBuildFile; fileRef = 940556782900836E00EBD990 /* AppDelegate.swift */; };
		9405567B2900836E00EBD990 /* SceneDelegate.swift in Sources */ = {isa = PBXBuildFile; fileRef = 9405567A2900836E00EBD990 /* SceneDelegate.swift */; };
		9405567D2900836E00EBD990 /* ViewController.swift in Sources */ = {isa = PBXBuildFile; fileRef = 9405567C2900836E00EBD990 /* ViewController.swift */; };
		940556802900836E00EBD990 /* Main.storyboard in Resources */ = {isa = PBXBuildFile; fileRef = 9405567E2900836E00EBD990 /* Main.storyboard */; };
		940556822900836F00EBD990 /* Assets.xcassets in Resources */ = {isa = PBXBuildFile; fileRef = 940556812900836F00EBD990 /* Assets.xcassets */; };
		940556852900836F00EBD990 /* LaunchScreen.storyboard in Resources */ = {isa = PBXBuildFile; fileRef = 940556832900836F00EBD990 /* LaunchScreen.storyboard */; };
		940556902900836F00EBD990 /* TintTintTests.swift in Sources */ = {isa = PBXBuildFile; fileRef = 9405568F2900836F00EBD990 /* TintTintTests.swift */; };
		9405569A2900837000EBD990 /* TintTintUITests.swift in Sources */ = {isa = PBXBuildFile; fileRef = 940556992900837000EBD990 /* TintTintUITests.swift */; };
		9405569C2900837000EBD990 /* TintTintUITestsLaunchTests.swift in Sources */ = {isa = PBXBuildFile; fileRef = 9405569B2900837000EBD990 /* TintTintUITestsLaunchTests.swift */; };
/* End PBXBuildFile section */

/* Begin PBXContainerItemProxy section */
		9405568C2900836F00EBD990 /* PBXContainerItemProxy */ = {
			isa = PBXContainerItemProxy;
			containerPortal = 9405566D2900836D00EBD990 /* Project object */;
			proxyType = 1;
			remoteGlobalIDString = 940556742900836E00EBD990;
			remoteInfo = TintTint;
		};
		940556962900837000EBD990 /* PBXContainerItemProxy */ = {
			isa = PBXContainerItemProxy;
			containerPortal = 9405566D2900836D00EBD990 /* Project object */;
			proxyType = 1;
			remoteGlobalIDString = 940556742900836E00EBD990;
			remoteInfo = TintTint;
		};
/* End PBXContainerItemProxy section */

/* Begin PBXFileReference section */
		940556752900836E00EBD990 /* TintTint.app */ = {isa = PBXFileReference; explicitFileType = wrapper.application; includeInIndex = 0; path = TintTint.app; sourceTree = BUILT_PRODUCTS_DIR; };
		940556782900836E00EBD990 /* AppDelegate.swift */ = {isa = PBXFileReference; lastKnownFileType = sourcecode.swift; path = AppDelegate.swift; sourceTree = "<group>"; };
		9405567A2900836E00EBD990 /* SceneDelegate.swift */ = {isa = PBXFileReference; lastKnownFileType = sourcecode.swift; path = SceneDelegate.swift; sourceTree = "<group>"; };
		9405567C2900836E00EBD990 /* ViewController.swift */ = {isa = PBXFileReference; lastKnownFileType = sourcecode.swift; path = ViewController.swift; sourceTree = "<group>"; };
		9405567F2900836E00EBD990 /* Base */ = {isa = PBXFileReference; lastKnownFileType = file.storyboard; name = Base; path = Base.lproj/Main.storyboard; sourceTree = "<group>"; };
		940556812900836F00EBD990 /* Assets.xcassets */ = {isa = PBXFileReference; lastKnownFileType = folder.assetcatalog; path = Assets.xcassets; sourceTree = "<group>"; };
		940556842900836F00EBD990 /* Base */ = {isa = PBXFileReference; lastKnownFileType = file.storyboard; name = Base; path = Base.lproj/LaunchScreen.storyboard; sourceTree = "<group>"; };
		940556862900836F00EBD990 /* Info.plist */ = {isa = PBXFileReference; lastKnownFileType = text.plist.xml; path = Info.plist; sourceTree = "<group>"; };
		9405568B2900836F00EBD990 /* TintTintTests.xctest */ = {isa = PBXFileReference; explicitFileType = wrapper.cfbundle; includeInIndex = 0; path = TintTintTests.xctest; sourceTree = BUILT_PRODUCTS_DIR; };
		9405568F2900836F00EBD990 /* TintTintTests.swift */ = {isa = PBXFileReference; lastKnownFileType = sourcecode.swift; path = TintTintTests.swift; sourceTree = "<group>"; };
		940556952900837000EBD990 /* TintTintUITests.xctest */ = {isa = PBXFileReference; explicitFileType = wrapper.cfbundle; includeInIndex = 0; path = TintTintUITests.xctest; sourceTree = BUILT_PRODUCTS_DIR; };
		940556992900837000EBD990 /* TintTintUITests.swift */ = {isa = PBXFileReference; lastKnownFileType = sourcecode.swift; path = TintTintUITests.swift; sourceTree = "<group>"; };
		9405569B2900837000EBD990 /* TintTintUITestsLaunchTests.swift */ = {isa = PBXFileReference; lastKnownFileType = sourcecode.swift; path = TintTintUITestsLaunchTests.swift; sourceTree = "<group>"; };
/* End PBXFileReference section */

/* Begin PBXFrameworksBuildPhase section */
		940556722900836E00EBD990 /* Frameworks */ = {
			isa = PBXFrameworksBuildPhase;
			buildActionMask = 2147483647;
			files = (
			);
			runOnlyForDeploymentPostprocessing = 0;
		};
		940556882900836F00EBD990 /* Frameworks */ = {
			isa = PBXFrameworksBuildPhase;
			buildActionMask = 2147483647;
			files = (
			);
			runOnlyForDeploymentPostprocessing = 0;
		};
		940556922900837000EBD990 /* Frameworks */ = {
			isa = PBXFrameworksBuildPhase;
			buildActionMask = 2147483647;
			files = (
			);
			runOnlyForDeploymentPostprocessing = 0;
		};
/* End PBXFrameworksBuildPhase section */

/* Begin PBXGroup section */
		9405566C2900836D00EBD990 = {
			isa = PBXGroup;
			children = (
				940556772900836E00EBD990 /* TintTint */,
				9405568E2900836F00EBD990 /* TintTintTests */,
				940556982900837000EBD990 /* TintTintUITests */,
				940556762900836E00EBD990 /* Products */,
			);
			sourceTree = "<group>";
		};
		940556762900836E00EBD990 /* Products */ = {
			isa = PBXGroup;
			children = (
				940556752900836E00EBD990 /* TintTint.app */,
				9405568B2900836F00EBD990 /* TintTintTests.xctest */,
				940556952900837000EBD990 /* TintTintUITests.xctest */,
			);
			name = Products;
			sourceTree = "<group>";
		};
		940556772900836E00EBD990 /* TintTint */ = {
			isa = PBXGroup;
			children = (
				940556782900836E00EBD990 /* AppDelegate.swift */,
				9405567A2900836E00EBD990 /* SceneDelegate.swift */,
				9405567C2900836E00EBD990 /* ViewController.swift */,
				9405567E2900836E00EBD990 /* Main.storyboard */,
				940556812900836F00EBD990 /* Assets.xcassets */,
				940556832900836F00EBD990 /* LaunchScreen.storyboard */,
				940556862900836F00EBD990 /* Info.plist */,
			);
			path = TintTint;
			sourceTree = "<group>";
		};
		9405568E2900836F00EBD990 /* TintTintTests */ = {
			isa = PBXGroup;
			children = (
				9405568F2900836F00EBD990 /* TintTintTests.swift */,
			);
			path = TintTintTests;
			sourceTree = "<group>";
		};
		940556982900837000EBD990 /* TintTintUITests */ = {
			isa = PBXGroup;
			children = (
				940556992900837000EBD990 /* TintTintUITests.swift */,
				9405569B2900837000EBD990 /* TintTintUITestsLaunchTests.swift */,
			);
			path = TintTintUITests;
			sourceTree = "<group>";
		};
/* End PBXGroup section */

/* Begin PBXNativeTarget section */
		940556742900836E00EBD990 /* TintTint */ = {
			isa = PBXNativeTarget;
			buildConfigurationList = 9405569F2900837000EBD990 /* Build configuration list for PBXNativeTarget "TintTint" */;
			buildPhases = (
				940556712900836E00EBD990 /* Sources */,
				940556722900836E00EBD990 /* Frameworks */,
				940556732900836E00EBD990 /* Resources */,
			);
			buildRules = (
			);
			dependencies = (
			);
			name = TintTint;
			productName = TintTint;
			productReference = 940556752900836E00EBD990 /* TintTint.app */;
			productType = "com.apple.product-type.application";
		};
		9405568A2900836F00EBD990 /* TintTintTests */ = {
			isa = PBXNativeTarget;
			buildConfigurationList = 940556A22900837000EBD990 /* Build configuration list for PBXNativeTarget "TintTintTests" */;
			buildPhases = (
				940556872900836F00EBD990 /* Sources */,
				940556882900836F00EBD990 /* Frameworks */,
				940556892900836F00EBD990 /* Resources */,
			);
			buildRules = (
			);
			dependencies = (
				9405568D2900836F00EBD990 /* PBXTargetDependency */,
			);
			name = TintTintTests;
			productName = TintTintTests;
			productReference = 9405568B2900836F00EBD990 /* TintTintTests.xctest */;
			productType = "com.apple.product-type.bundle.unit-test";
		};
		940556942900837000EBD990 /* TintTintUITests */ = {
			isa = PBXNativeTarget;
			buildConfigurationList = 940556A52900837000EBD990 /* Build configuration list for PBXNativeTarget "TintTintUITests" */;
			buildPhases = (
				940556912900837000EBD990 /* Sources */,
				940556922900837000EBD990 /* Frameworks */,
				940556932900837000EBD990 /* Resources */,
			);
			buildRules = (
			);
			dependencies = (
				940556972900837000EBD990 /* PBXTargetDependency */,
			);
			name = TintTintUITests;
			productName = TintTintUITests;
			productReference = 940556952900837000EBD990 /* TintTintUITests.xctest */;
			productType = "com.apple.product-type.bundle.ui-testing";
		};
/* End PBXNativeTarget section */

/* Begin PBXProject section */
		9405566D2900836D00EBD990 /* Project object */ = {
			isa = PBXProject;
			attributes = {
				BuildIndependentTargetsInParallel = 1;
				LastSwiftUpdateCheck = 1400;
				LastUpgradeCheck = 1400;
				TargetAttributes = {
					940556742900836E00EBD990 = {
						CreatedOnToolsVersion = 14.0.1;
					};
					9405568A2900836F00EBD990 = {
						CreatedOnToolsVersion = 14.0.1;
						TestTargetID = 940556742900836E00EBD990;
					};
					940556942900837000EBD990 = {
						CreatedOnToolsVersion = 14.0.1;
						TestTargetID = 940556742900836E00EBD990;
					};
				};
			};
			buildConfigurationList = 940556702900836D00EBD990 /* Build configuration list for PBXProject "TintTint" */;
			compatibilityVersion = "Xcode 14.0";
			developmentRegion = en;
			hasScannedForEncodings = 0;
			knownRegions = (
				en,
				Base,
			);
			mainGroup = 9405566C2900836D00EBD990;
			productRefGroup = 940556762900836E00EBD990 /* Products */;
			projectDirPath = "";
			projectRoot = "";
			targets = (
				940556742900836E00EBD990 /* TintTint */,
				9405568A2900836F00EBD990 /* TintTintTests */,
				940556942900837000EBD990 /* TintTintUITests */,
			);
		};
/* End PBXProject section */

/* Begin PBXResourcesBuildPhase section */
		940556732900836E00EBD990 /* Resources */ = {
			isa = PBXResourcesBuildPhase;
			buildActionMask = 2147483647;
			files = (
				940556852900836F00EBD990 /* LaunchScreen.storyboard in Resources */,
				940556822900836F00EBD990 /* Assets.xcassets in Resources */,
				940556802900836E00EBD990 /* Main.storyboard in Resources */,
			);
			runOnlyForDeploymentPostprocessing = 0;
		};
		940556892900836F00EBD990 /* Resources */ = {
			isa = PBXResourcesBuildPhase;
			buildActionMask = 2147483647;
			files = (
			);
			runOnlyForDeploymentPostprocessing = 0;
		};
		940556932900837000EBD990 /* Resources */ = {
			isa = PBXResourcesBuildPhase;
			buildActionMask = 2147483647;
			files = (
			);
			runOnlyForDeploymentPostprocessing = 0;
		};
/* End PBXResourcesBuildPhase section */

/* Begin PBXSourcesBuildPhase section */
		940556712900836E00EBD990 /* Sources */ = {
			isa = PBXSourcesBuildPhase;
			buildActionMask = 2147483647;
			files = (
				9405567D2900836E00EBD990 /* ViewController.swift in Sources */,
				940556792900836E00EBD990 /* AppDelegate.swift in Sources */,
				9405567B2900836E00EBD990 /* SceneDelegate.swift in Sources */,
			);
			runOnlyForDeploymentPostprocessing = 0;
		};
		940556872900836F00EBD990 /* Sources */ = {
			isa = PBXSourcesBuildPhase;
			buildActionMask = 2147483647;
			files = (
				940556902900836F00EBD990 /* TintTintTests.swift in Sources */,
			);
			runOnlyForDeploymentPostprocessing = 0;
		};
		940556912900837000EBD990 /* Sources */ = {
			isa = PBXSourcesBuildPhase;
			buildActionMask = 2147483647;
			files = (
				9405569C2900837000EBD990 /* TintTintUITestsLaunchTests.swift in Sources */,
				9405569A2900837000EBD990 /* TintTintUITests.swift in Sources */,
			);
			runOnlyForDeploymentPostprocessing = 0;
		};
/* End PBXSourcesBuildPhase section */

/* Begin PBXTargetDependency section */
		9405568D2900836F00EBD990 /* PBXTargetDependency */ = {
			isa = PBXTargetDependency;
			target = 940556742900836E00EBD990 /* TintTint */;
			targetProxy = 9405568C2900836F00EBD990 /* PBXContainerItemProxy */;
		};
		940556972900837000EBD990 /* PBXTargetDependency */ = {
			isa = PBXTargetDependency;
			target = 940556742900836E00EBD990 /* TintTint */;
			targetProxy = 940556962900837000EBD990 /* PBXContainerItemProxy */;
		};
/* End PBXTargetDependency section */

/* Begin PBXVariantGroup section */
		9405567E2900836E00EBD990 /* Main.storyboard */ = {
			isa = PBXVariantGroup;
			children = (
				9405567F2900836E00EBD990 /* Base */,
			);
			name = Main.storyboard;
			sourceTree = "<group>";
		};
		940556832900836F00EBD990 /* LaunchScreen.storyboard */ = {
			isa = PBXVariantGroup;
			children = (
				940556842900836F00EBD990 /* Base */,
			);
			name = LaunchScreen.storyboard;
			sourceTree = "<group>";
		};
/* End PBXVariantGroup section */

/* Begin XCBuildConfiguration section */
		9405569D2900837000EBD990 /* Debug */ = {
			isa = XCBuildConfiguration;
			buildSettings = {
				ALWAYS_SEARCH_USER_PATHS = NO;
				CLANG_ANALYZER_NONNULL = YES;
				CLANG_ANALYZER_NUMBER_OBJECT_CONVERSION = YES_AGGRESSIVE;
				CLANG_CXX_LANGUAGE_STANDARD = "gnu++20";
				CLANG_ENABLE_MODULES = YES;
				CLANG_ENABLE_OBJC_ARC = YES;
				CLANG_ENABLE_OBJC_WEAK = YES;
				CLANG_WARN_BLOCK_CAPTURE_AUTORELEASING = YES;
				CLANG_WARN_BOOL_CONVERSION = YES;
				CLANG_WARN_COMMA = YES;
				CLANG_WARN_CONSTANT_CONVERSION = YES;
				CLANG_WARN_DEPRECATED_OBJC_IMPLEMENTATIONS = YES;
				CLANG_WARN_DIRECT_OBJC_ISA_USAGE = YES_ERROR;
				CLANG_WARN_DOCUMENTATION_COMMENTS = YES;
				CLANG_WARN_EMPTY_BODY = YES;
				CLANG_WARN_ENUM_CONVERSION = YES;
				CLANG_WARN_INFINITE_RECURSION = YES;
				CLANG_WARN_INT_CONVERSION = YES;
				CLANG_WARN_NON_LITERAL_NULL_CONVERSION = YES;
				CLANG_WARN_OBJC_IMPLICIT_RETAIN_SELF = YES;
				CLANG_WARN_OBJC_LITERAL_CONVERSION = YES;
				CLANG_WARN_OBJC_ROOT_CLASS = YES_ERROR;
				CLANG_WARN_QUOTED_INCLUDE_IN_FRAMEWORK_HEADER = YES;
				CLANG_WARN_RANGE_LOOP_ANALYSIS = YES;
				CLANG_WARN_STRICT_PROTOTYPES = YES;
				CLANG_WARN_SUSPICIOUS_MOVE = YES;
				CLANG_WARN_UNGUARDED_AVAILABILITY = YES_AGGRESSIVE;
				CLANG_WARN_UNREACHABLE_CODE = YES;
				CLANG_WARN__DUPLICATE_METHOD_MATCH = YES;
				COPY_PHASE_STRIP = NO;
				DEBUG_INFORMATION_FORMAT = dwarf;
				ENABLE_STRICT_OBJC_MSGSEND = YES;
				ENABLE_TESTABILITY = YES;
				GCC_C_LANGUAGE_STANDARD = gnu11;
				GCC_DYNAMIC_NO_PIC = NO;
				GCC_NO_COMMON_BLOCKS = YES;
				GCC_OPTIMIZATION_LEVEL = 0;
				GCC_PREPROCESSOR_DEFINITIONS = (
					"DEBUG=1",
					"$(inherited)",
				);
				GCC_WARN_64_TO_32_BIT_CONVERSION = YES;
				GCC_WARN_ABOUT_RETURN_TYPE = YES_ERROR;
				GCC_WARN_UNDECLARED_SELECTOR = YES;
				GCC_WARN_UNINITIALIZED_AUTOS = YES_AGGRESSIVE;
				GCC_WARN_UNUSED_FUNCTION = YES;
				GCC_WARN_UNUSED_VARIABLE = YES;
				IPHONEOS_DEPLOYMENT_TARGET = 16.0;
				MTL_ENABLE_DEBUG_INFO = INCLUDE_SOURCE;
				MTL_FAST_MATH = YES;
				ONLY_ACTIVE_ARCH = YES;
				SDKROOT = iphoneos;
				SWIFT_ACTIVE_COMPILATION_CONDITIONS = DEBUG;
				SWIFT_OPTIMIZATION_LEVEL = "-Onone";
			};
			name = Debug;
		};
		9405569E2900837000EBD990 /* Release */ = {
			isa = XCBuildConfiguration;
			buildSettings = {
				ALWAYS_SEARCH_USER_PATHS = NO;
				CLANG_ANALYZER_NONNULL = YES;
				CLANG_ANALYZER_NUMBER_OBJECT_CONVERSION = YES_AGGRESSIVE;
				CLANG_CXX_LANGUAGE_STANDARD = "gnu++20";
				CLANG_ENABLE_MODULES = YES;
				CLANG_ENABLE_OBJC_ARC = YES;
				CLANG_ENABLE_OBJC_WEAK = YES;
				CLANG_WARN_BLOCK_CAPTURE_AUTORELEASING = YES;
				CLANG_WARN_BOOL_CONVERSION = YES;
				CLANG_WARN_COMMA = YES;
				CLANG_WARN_CONSTANT_CONVERSION = YES;
				CLANG_WARN_DEPRECATED_OBJC_IMPLEMENTATIONS = YES;
				CLANG_WARN_DIRECT_OBJC_ISA_USAGE = YES_ERROR;
				CLANG_WARN_DOCUMENTATION_COMMENTS = YES;
				CLANG_WARN_EMPTY_BODY = YES;
				CLANG_WARN_ENUM_CONVERSION = YES;
				CLANG_WARN_INFINITE_RECURSION = YES;
				CLANG_WARN_INT_CONVERSION = YES;
				CLANG_WARN_NON_LITERAL_NULL_CONVERSION = YES;
				CLANG_WARN_OBJC_IMPLICIT_RETAIN_SELF = YES;
				CLANG_WARN_OBJC_LITERAL_CONVERSION = YES;
				CLANG_WARN_OBJC_ROOT_CLASS = YES_ERROR;
				CLANG_WARN_QUOTED_INCLUDE_IN_FRAMEWORK_HEADER = YES;
				CLANG_WARN_RANGE_LOOP_ANALYSIS = YES;
				CLANG_WARN_STRICT_PROTOTYPES = YES;
				CLANG_WARN_SUSPICIOUS_MOVE = YES;
				CLANG_WARN_UNGUARDED_AVAILABILITY = YES_AGGRESSIVE;
				CLANG_WARN_UNREACHABLE_CODE = YES;
				CLANG_WARN__DUPLICATE_METHOD_MATCH = YES;
				COPY_PHASE_STRIP = NO;
				DEBUG_INFORMATION_FORMAT = "dwarf-with-dsym";
				ENABLE_NS_ASSERTIONS = NO;
				ENABLE_STRICT_OBJC_MSGSEND = YES;
				GCC_C_LANGUAGE_STANDARD = gnu11;
				GCC_NO_COMMON_BLOCKS = YES;
				GCC_WARN_64_TO_32_BIT_CONVERSION = YES;
				GCC_WARN_ABOUT_RETURN_TYPE = YES_ERROR;
				GCC_WARN_UNDECLARED_SELECTOR = YES;
				GCC_WARN_UNINITIALIZED_AUTOS = YES_AGGRESSIVE;
				GCC_WARN_UNUSED_FUNCTION = YES;
				GCC_WARN_UNUSED_VARIABLE = YES;
				IPHONEOS_DEPLOYMENT_TARGET = 16.0;
				MTL_ENABLE_DEBUG_INFO = NO;
				MTL_FAST_MATH = YES;
				SDKROOT = iphoneos;
				SWIFT_COMPILATION_MODE = wholemodule;
				SWIFT_OPTIMIZATION_LEVEL = "-O";
				VALIDATE_PRODUCT = YES;
			};
			name = Release;
		};
		940556A02900837000EBD990 /* Debug */ = {
			isa = XCBuildConfiguration;
			buildSettings = {
				ASSETCATALOG_COMPILER_APPICON_NAME = AppIcon;
				ASSETCATALOG_COMPILER_GLOBAL_ACCENT_COLOR_NAME = AccentColor;
				CODE_SIGN_STYLE = Automatic;
				CURRENT_PROJECT_VERSION = 1;
				DEVELOPMENT_TEAM = NZT54R9366;
				GENERATE_INFOPLIST_FILE = YES;
				INFOPLIST_FILE = TintTint/Info.plist;
				INFOPLIST_KEY_UIApplicationSupportsIndirectInputEvents = YES;
				INFOPLIST_KEY_UILaunchStoryboardName = LaunchScreen;
				INFOPLIST_KEY_UIMainStoryboardFile = Main;
				INFOPLIST_KEY_UISupportedInterfaceOrientations_iPad = "UIInterfaceOrientationPortrait UIInterfaceOrientationPortraitUpsideDown UIInterfaceOrientationLandscapeLeft UIInterfaceOrientationLandscapeRight";
				INFOPLIST_KEY_UISupportedInterfaceOrientations_iPhone = "UIInterfaceOrientationPortrait UIInterfaceOrientationLandscapeLeft UIInterfaceOrientationLandscapeRight";
				LD_RUNPATH_SEARCH_PATHS = (
					"$(inherited)",
					"@executable_path/Frameworks",
				);
				MARKETING_VERSION = 1.0;
				PRODUCT_BUNDLE_IDENTIFIER = ehun.TintTint.TintTint;
				PRODUCT_NAME = "$(TARGET_NAME)";
				SWIFT_EMIT_LOC_STRINGS = YES;
				SWIFT_VERSION = 5.0;
				TARGETED_DEVICE_FAMILY = "1,2";
			};
			name = Debug;
		};
		940556A12900837000EBD990 /* Release */ = {
			isa = XCBuildConfiguration;
			buildSettings = {
				ASSETCATALOG_COMPILER_APPICON_NAME = AppIcon;
				ASSETCATALOG_COMPILER_GLOBAL_ACCENT_COLOR_NAME = AccentColor;
				CODE_SIGN_STYLE = Automatic;
				CURRENT_PROJECT_VERSION = 1;
				DEVELOPMENT_TEAM = NZT54R9366;
				GENERATE_INFOPLIST_FILE = YES;
				INFOPLIST_FILE = TintTint/Info.plist;
				INFOPLIST_KEY_UIApplicationSupportsIndirectInputEvents = YES;
				INFOPLIST_KEY_UILaunchStoryboardName = LaunchScreen;
				INFOPLIST_KEY_UIMainStoryboardFile = Main;
				INFOPLIST_KEY_UISupportedInterfaceOrientations_iPad = "UIInterfaceOrientationPortrait UIInterfaceOrientationPortraitUpsideDown UIInterfaceOrientationLandscapeLeft UIInterfaceOrientationLandscapeRight";
				INFOPLIST_KEY_UISupportedInterfaceOrientations_iPhone = "UIInterfaceOrientationPortrait UIInterfaceOrientationLandscapeLeft UIInterfaceOrientationLandscapeRight";
				LD_RUNPATH_SEARCH_PATHS = (
					"$(inherited)",
					"@executable_path/Frameworks",
				);
				MARKETING_VERSION = 1.0;
				PRODUCT_BUNDLE_IDENTIFIER = ehun.TintTint.TintTint;
				PRODUCT_NAME = "$(TARGET_NAME)";
				SWIFT_EMIT_LOC_STRINGS = YES;
				SWIFT_VERSION = 5.0;
				TARGETED_DEVICE_FAMILY = "1,2";
			};
			name = Release;
		};
		940556A32900837000EBD990 /* Debug */ = {
			isa = XCBuildConfiguration;
			buildSettings = {
				ALWAYS_EMBED_SWIFT_STANDARD_LIBRARIES = YES;
				BUNDLE_LOADER = "$(TEST_HOST)";
				CODE_SIGN_STYLE = Automatic;
				CURRENT_PROJECT_VERSION = 1;
				DEVELOPMENT_TEAM = NZT54R9366;
				GENERATE_INFOPLIST_FILE = YES;
				IPHONEOS_DEPLOYMENT_TARGET = 16.0;
				MARKETING_VERSION = 1.0;
				PRODUCT_BUNDLE_IDENTIFIER = ehun.TintTint.TintTintTests;
				PRODUCT_NAME = "$(TARGET_NAME)";
				SWIFT_EMIT_LOC_STRINGS = NO;
				SWIFT_VERSION = 5.0;
				TARGETED_DEVICE_FAMILY = "1,2";
				TEST_HOST = "$(BUILT_PRODUCTS_DIR)/TintTint.app/$(BUNDLE_EXECUTABLE_FOLDER_PATH)/TintTint";
			};
			name = Debug;
		};
		940556A42900837000EBD990 /* Release */ = {
			isa = XCBuildConfiguration;
			buildSettings = {
				ALWAYS_EMBED_SWIFT_STANDARD_LIBRARIES = YES;
				BUNDLE_LOADER = "$(TEST_HOST)";
				CODE_SIGN_STYLE = Automatic;
				CURRENT_PROJECT_VERSION = 1;
				DEVELOPMENT_TEAM = NZT54R9366;
				GENERATE_INFOPLIST_FILE = YES;
				IPHONEOS_DEPLOYMENT_TARGET = 16.0;
				MARKETING_VERSION = 1.0;
				PRODUCT_BUNDLE_IDENTIFIER = ehun.TintTint.TintTintTests;
				PRODUCT_NAME = "$(TARGET_NAME)";
				SWIFT_EMIT_LOC_STRINGS = NO;
				SWIFT_VERSION = 5.0;
				TARGETED_DEVICE_FAMILY = "1,2";
				TEST_HOST = "$(BUILT_PRODUCTS_DIR)/TintTint.app/$(BUNDLE_EXECUTABLE_FOLDER_PATH)/TintTint";
			};
			name = Release;
		};
		940556A62900837000EBD990 /* Debug */ = {
			isa = XCBuildConfiguration;
			buildSettings = {
				ALWAYS_EMBED_SWIFT_STANDARD_LIBRARIES = YES;
				CODE_SIGN_STYLE = Automatic;
				CURRENT_PROJECT_VERSION = 1;
				DEVELOPMENT_TEAM = NZT54R9366;
				GENERATE_INFOPLIST_FILE = YES;
				MARKETING_VERSION = 1.0;
				PRODUCT_BUNDLE_IDENTIFIER = ehun.TintTint.TintTintUITests;
				PRODUCT_NAME = "$(TARGET_NAME)";
				SWIFT_EMIT_LOC_STRINGS = NO;
				SWIFT_VERSION = 5.0;
				TARGETED_DEVICE_FAMILY = "1,2";
				TEST_TARGET_NAME = TintTint;
			};
			name = Debug;
		};
		940556A72900837000EBD990 /* Release */ = {
			isa = XCBuildConfiguration;
			buildSettings = {
				ALWAYS_EMBED_SWIFT_STANDARD_LIBRARIES = YES;
				CODE_SIGN_STYLE = Automatic;
				CURRENT_PROJECT_VERSION = 1;
				DEVELOPMENT_TEAM = NZT54R9366;
				GENERATE_INFOPLIST_FILE = YES;
				MARKETING_VERSION = 1.0;
				PRODUCT_BUNDLE_IDENTIFIER = ehun.TintTint.TintTintUITests;
				PRODUCT_NAME = "$(TARGET_NAME)";
				SWIFT_EMIT_LOC_STRINGS = NO;
				SWIFT_VERSION = 5.0;
				TARGETED_DEVICE_FAMILY = "1,2";
				TEST_TARGET_NAME = TintTint;
			};
			name = Release;
		};
/* End XCBuildConfiguration section */

/* Begin XCConfigurationList section */
		940556702900836D00EBD990 /* Build configuration list for PBXProject "TintTint" */ = {
			isa = XCConfigurationList;
			buildConfigurations = (
				9405569D2900837000EBD990 /* Debug */,
				9405569E2900837000EBD990 /* Release */,
			);
			defaultConfigurationIsVisible = 0;
			defaultConfigurationName = Release;
		};
		9405569F2900837000EBD990 /* Build configuration list for PBXNativeTarget "TintTint" */ = {
			isa = XCConfigurationList;
			buildConfigurations = (
				940556A02900837000EBD990 /* Debug */,
				940556A12900837000EBD990 /* Release */,
			);
			defaultConfigurationIsVisible = 0;
			defaultConfigurationName = Release;
		};
		940556A22900837000EBD990 /* Build configuration list for PBXNativeTarget "TintTintTests" */ = {
			isa = XCConfigurationList;
			buildConfigurations = (
				940556A32900837000EBD990 /* Debug */,
				940556A42900837000EBD990 /* Release */,
			);
			defaultConfigurationIsVisible = 0;
			defaultConfigurationName = Release;
		};
		940556A52900837000EBD990 /* Build configuration list for PBXNativeTarget "TintTintUITests" */ = {
			isa = XCConfigurationList;
			buildConfigurations = (
				940556A62900837000EBD990 /* Debug */,
				940556A72900837000EBD990 /* Release */,
			);
			defaultConfigurationIsVisible = 0;
			defaultConfigurationName = Release;
		};
/* End XCConfigurationList section */
	};
	rootObject = 9405566D2900836D00EBD990 /* Project object */;
}
